
Microsoft Visual Studio Solution File, Format Version 12.00
# Visual Studio Version 17
VisualStudioVersion = 17.0.31903.59
MinimumVisualStudioVersion = 10.0.40219.1
Project("{FAE04EC0-301F-11D3-BF4B-00C04F79EFBC}") = "CreditCardValidator.Tests", "CreditCardValidator.Tests\CreditCardValidator.Tests.csproj", "{778D573C-6568-4BA8-A96F-99D60C56513A}"
EndProject
Project("{FAE04EC0-301F-11D3-BF4B-00C04F79EFBC}") = "CreditCardValidator.Specs", "CreditCardValidator.Specs\CreditCardValidator.Specs.csproj", "{9DD4C1B6-599D-495B-BB79-CC263839A8F4}"
EndProject
Global
	GlobalSection(SolutionConfigurationPlatforms) = preSolution
		Debug|Any CPU = Debug|Any CPU
		Release|Any CPU = Release|Any CPU
	EndGlobalSection
	GlobalSection(SolutionProperties) = preSolution
		HideSolutionNode = FALSE
	EndGlobalSection
	GlobalSection(ProjectConfigurationPlatforms) = postSolution
		{778D573C-6568-4BA8-A96F-99D60C56513A}.Debug|Any CPU.ActiveCfg = Debug|Any CPU
		{778D573C-6568-4BA8-A96F-99D60C56513A}.Debug|Any CPU.Build.0 = Debug|Any CPU
		{778D573C-6568-4BA8-A96F-99D60C56513A}.Release|Any CPU.ActiveCfg = Release|Any CPU
		{778D573C-6568-4BA8-A96F-99D60C56513A}.Release|Any CPU.Build.0 = Release|Any CPU
		{9DD4C1B6-599D-495B-BB79-CC263839A8F4}.Debug|Any CPU.ActiveCfg = Debug|Any CPU
		{9DD4C1B6-599D-495B-BB79-CC263839A8F4}.Debug|Any CPU.Build.0 = Debug|Any CPU
		{9DD4C1B6-599D-495B-BB79-CC263839A8F4}.Release|Any CPU.ActiveCfg = Release|Any CPU
		{9DD4C1B6-599D-495B-BB79-CC263839A8F4}.Release|Any CPU.Build.0 = Release|Any CPU
	EndGlobalSection
EndGlobal
